
Microsoft Visual Studio Solution File, Format Version 12.00
# Visual Studio Version 17
VisualStudioVersion = 17.5.33424.131
MinimumVisualStudioVersion = 10.0.40219.1
Project("{8BC9CEB8-8B4A-11D0-8D11-00A0C91BC942}") = "ADT_SortedMap", "ADT_SortedMap.vcxproj", "{FA25D963-886F-44C8-ACA2-1E36B14950EA}"
EndProject
Global
	GlobalSection(SolutionConfigurationPlatforms) = preSolution
		Debug|x64 = Debug|x64
		Debug|x86 = Debug|x86
		Release|x64 = Release|x64
		Release|x86 = Release|x86
	EndGlobalSection
	GlobalSection(ProjectConfigurationPlatforms) = postSolution
		{FA25D963-886F-44C8-ACA2-1E36B14950EA}.Debug|x64.ActiveCfg = Debug|x64
		{FA25D963-886F-44C8-ACA2-1E36B14950EA}.Debug|x64.Build.0 = Debug|x64
		{FA25D963-886F-44C8-ACA2-1E36B14950EA}.Debug|x86.ActiveCfg = Debug|Win32
		{FA25D963-886F-44C8-ACA2-1E36B14950EA}.Debug|x86.Build.0 = Debug|Win32
		{FA25D963-886F-44C8-ACA2-1E36B14950EA}.Release|x64.ActiveCfg = Release|x64
		{FA25D963-886F-44C8-ACA2-1E36B14950EA}.Release|x64.Build.0 = Release|x64
		{FA25D963-886F-44C8-ACA2-1E36B14950EA}.Release|x86.ActiveCfg = Release|Win32
		{FA25D963-886F-44C8-ACA2-1E36B14950EA}.Release|x86.Build.0 = Release|Win32
	EndGlobalSection
	GlobalSection(SolutionProperties) = preSolution
		HideSolutionNode = FALSE
	EndGlobalSection
	GlobalSection(ExtensibilityGlobals) = postSolution
		SolutionGuid = {166AD3F7-A728-4042-8769-F023FC9FB3C8}
	EndGlobalSection
EndGlobal
